
Microsoft Visual Studio Solution File, Format Version 12.00
# Visual Studio Version 16
VisualStudioVersion = 16.0.28803.202
MinimumVisualStudioVersion = 10.0.40219.1
Project("{FAE04EC0-301F-11D3-BF4B-00C04F79EFBC}") = "EconomIA", "EconomIA.csproj", "{A548A5AC-9274-4C77-AF3F-F048DAB868F7}"
EndProject
Project("{FAE04EC0-301F-11D3-BF4B-00C04F79EFBC}") = "EconomIA.Program", "..\EconomIA.Program\EconomIA.Program.csproj", "{594010CE-4EC4-4A69-9AAF-79DA036059A8}"
EndProject
Project("{FAE04EC0-301F-11D3-BF4B-00C04F79EFBC}") = "EconomIA.Find.Fonte", "..\EconomIA.Find.Data\EconomIA.Find.Fonte.csproj", "{84BB8A3E-C9FA-423B-9D27-C57147B5D630}"
EndProject
Project("{FAE04EC0-301F-11D3-BF4B-00C04F79EFBC}") = "EconomIA.Utils", "..\EconomIA.Utils\EconomIA.Utils.csproj", "{E0FDE6E2-2396-427C-B088-DD491B890E6E}"
EndProject
Global
	GlobalSection(SolutionConfigurationPlatforms) = preSolution
		Debug|Any CPU = Debug|Any CPU
		Release|Any CPU = Release|Any CPU
	EndGlobalSection
	GlobalSection(ProjectConfigurationPlatforms) = postSolution
		{A548A5AC-9274-4C77-AF3F-F048DAB868F7}.Debug|Any CPU.ActiveCfg = Debug|Any CPU
		{A548A5AC-9274-4C77-AF3F-F048DAB868F7}.Debug|Any CPU.Build.0 = Debug|Any CPU
		{A548A5AC-9274-4C77-AF3F-F048DAB868F7}.Release|Any CPU.ActiveCfg = Release|Any CPU
		{A548A5AC-9274-4C77-AF3F-F048DAB868F7}.Release|Any CPU.Build.0 = Release|Any CPU
		{594010CE-4EC4-4A69-9AAF-79DA036059A8}.Debug|Any CPU.ActiveCfg = Debug|Any CPU
		{594010CE-4EC4-4A69-9AAF-79DA036059A8}.Debug|Any CPU.Build.0 = Debug|Any CPU
		{594010CE-4EC4-4A69-9AAF-79DA036059A8}.Release|Any CPU.ActiveCfg = Release|Any CPU
		{594010CE-4EC4-4A69-9AAF-79DA036059A8}.Release|Any CPU.Build.0 = Release|Any CPU
		{84BB8A3E-C9FA-423B-9D27-C57147B5D630}.Debug|Any CPU.ActiveCfg = Debug|Any CPU
		{84BB8A3E-C9FA-423B-9D27-C57147B5D630}.Debug|Any CPU.Build.0 = Debug|Any CPU
		{84BB8A3E-C9FA-423B-9D27-C57147B5D630}.Release|Any CPU.ActiveCfg = Release|Any CPU
		{84BB8A3E-C9FA-423B-9D27-C57147B5D630}.Release|Any CPU.Build.0 = Release|Any CPU
		{E0FDE6E2-2396-427C-B088-DD491B890E6E}.Debug|Any CPU.ActiveCfg = Debug|Any CPU
		{E0FDE6E2-2396-427C-B088-DD491B890E6E}.Debug|Any CPU.Build.0 = Debug|Any CPU
		{E0FDE6E2-2396-427C-B088-DD491B890E6E}.Release|Any CPU.ActiveCfg = Release|Any CPU
		{E0FDE6E2-2396-427C-B088-DD491B890E6E}.Release|Any CPU.Build.0 = Release|Any CPU
	EndGlobalSection
	GlobalSection(SolutionProperties) = preSolution
		HideSolutionNode = FALSE
	EndGlobalSection
	GlobalSection(ExtensibilityGlobals) = postSolution
		SolutionGuid = {2CD9263D-5B71-48B1-9747-74F013E82103}
	EndGlobalSection
EndGlobal
